
Microsoft Visual Studio Solution File, Format Version 12.00
# Visual Studio 15
VisualStudioVersion = 15.0.28307.852
MinimumVisualStudioVersion = 10.0.40219.1
Project("{FAE04EC0-301F-11D3-BF4B-00C04F79EFBC}") = "AryQA", "AryQA\AryQA.csproj", "{668FD6BE-C633-4C7E-B849-195754633E38}"
EndProject
Global
	GlobalSection(SolutionConfigurationPlatforms) = preSolution
		Debug|Any CPU = Debug|Any CPU
		Release|Any CPU = Release|Any CPU
	EndGlobalSection
	GlobalSection(ProjectConfigurationPlatforms) = postSolution
		{668FD6BE-C633-4C7E-B849-195754633E38}.Debug|Any CPU.ActiveCfg = Debug|Any CPU
		{668FD6BE-C633-4C7E-B849-195754633E38}.Debug|Any CPU.Build.0 = Debug|Any CPU
		{668FD6BE-C633-4C7E-B849-195754633E38}.Release|Any CPU.ActiveCfg = Release|Any CPU
		{668FD6BE-C633-4C7E-B849-195754633E38}.Release|Any CPU.Build.0 = Release|Any CPU
	EndGlobalSection
	GlobalSection(SolutionProperties) = preSolution
		HideSolutionNode = FALSE
	EndGlobalSection
	GlobalSection(ExtensibilityGlobals) = postSolution
		SolutionGuid = {335CDBDD-6420-4BAB-9AEC-F27B29941CC5}
	EndGlobalSection
EndGlobal
